<?xml version="1.0" encoding="utf-8"?>
<Project ToolsVersion="4.0" xmlns="http://schemas.microsoft.com/developer/msbuild/2003">
  <ItemGroup>
    <Filter Include="Arquivos de Origem">
      <UniqueIdentifier>{4FC737F1-C7A5-4376-A066-2A32D752A2FF}</UniqueIdentifier>
      <Extensions>cpp;c;cc;cxx;def;odl;idl;hpj;bat;asm;asmx</Extensions>
    </Filter>
    <Filter Include="Arquivos de Cabeçalho">
      <UniqueIdentifier>{93995380-89BD-4b04-88EB-625FBE52EBFB}</UniqueIdentifier>
      <Extensions>h;hh;hpp;hxx;hm;inl;inc;ipp;xsd</Extensions>
    </Filter>
    <Filter Include="Arquivos de Recurso">
      <UniqueIdentifier>{67DA6AB6-F800-4c08-8B7A-83BB121AAD01}</UniqueIdentifier>
      <Extensions>rc;ico;cur;bmp;dlg;rc2;rct;bin;rgs;gif;jpg;jpeg;jpe;resx;tiff;tif;png;wav;mfcribbon-ms</Extensions>
    </Filter>
    <Filter Include="Arquivos de Origem\src">
      <UniqueIdentifier>{d963f1ed-8d30-42a7-9be7-7c01b7e53f94}</UniqueIdentifier>
    </Filter>
    <Filter Include="Arquivos de Cabeçalho\includes">
      <UniqueIdentifier>{f46916d8-e806-4794-b9ca-1862f725d9b5}</UniqueIdentifier>
    </Filter>
  </ItemGroup>
  <ItemGroup>
    <ClCompile Include="main.cpp">
      <Filter>Arquivos de Origem</Filter>
    </ClCompile>
    <ClCompile Include="src\Cyrebro.cpp">
      <Filter>Arquivos de Origem\src</Filter>
    </ClCompile>
    <ClCompile Include="src\Ativacoes.cpp">
      <Filter>Arquivos de Origem\src</Filter>
    </ClCompile>
  </ItemGroup>
  <ItemGroup>
    <ClInclude Include="include\Cyrebro.h">
      <Filter>Arquivos de Cabeçalho\includes</Filter>
    </ClInclude>
    <ClInclude Include="include\Ativacoes.h">
      <Filter>Arquivos de Cabeçalho\includes</Filter>
    </ClInclude>
  </ItemGroup>
</Project>